
Microsoft Visual Studio Solution File, Format Version 12.00
# Visual Studio Version 17
VisualStudioVersion = 17.6.33815.320
MinimumVisualStudioVersion = 10.0.40219.1
Project("{FAE04EC0-301F-11D3-BF4B-00C04F79EFBC}") = "tìm phần tử lớn nhất", "tìm phần tử lớn nhất\tìm phần tử lớn nhất.csproj", "{687D243E-B5D4-4D4C-87AD-847446DFDE5C}"
EndProject
Global
	GlobalSection(SolutionConfigurationPlatforms) = preSolution
		Debug|Any CPU = Debug|Any CPU
		Release|Any CPU = Release|Any CPU
	EndGlobalSection
	GlobalSection(ProjectConfigurationPlatforms) = postSolution
		{687D243E-B5D4-4D4C-87AD-847446DFDE5C}.Debug|Any CPU.ActiveCfg = Debug|Any CPU
		{687D243E-B5D4-4D4C-87AD-847446DFDE5C}.Debug|Any CPU.Build.0 = Debug|Any CPU
		{687D243E-B5D4-4D4C-87AD-847446DFDE5C}.Release|Any CPU.ActiveCfg = Release|Any CPU
		{687D243E-B5D4-4D4C-87AD-847446DFDE5C}.Release|Any CPU.Build.0 = Release|Any CPU
	EndGlobalSection
	GlobalSection(SolutionProperties) = preSolution
		HideSolutionNode = FALSE
	EndGlobalSection
	GlobalSection(ExtensibilityGlobals) = postSolution
		SolutionGuid = {BA5975A5-AF97-4A16-BDC4-2C35DF01AE0D}
	EndGlobalSection
EndGlobal
