
Microsoft Visual Studio Solution File, Format Version 12.00
# Visual Studio Version 17
VisualStudioVersion = 17.6.33815.320
MinimumVisualStudioVersion = 10.0.40219.1
Project("{FAE04EC0-301F-11D3-BF4B-00C04F79EFBC}") = "hiện thị thời gian hệ thống", "hiện thị thời gian hệ thống\hiện thị thời gian hệ thống.csproj", "{A7D6C79C-8319-4CFC-BB52-93D9CB1AB6B7}"
EndProject
Global
	GlobalSection(SolutionConfigurationPlatforms) = preSolution
		Debug|Any CPU = Debug|Any CPU
		Release|Any CPU = Release|Any CPU
	EndGlobalSection
	GlobalSection(ProjectConfigurationPlatforms) = postSolution
		{A7D6C79C-8319-4CFC-BB52-93D9CB1AB6B7}.Debug|Any CPU.ActiveCfg = Debug|Any CPU
		{A7D6C79C-8319-4CFC-BB52-93D9CB1AB6B7}.Debug|Any CPU.Build.0 = Debug|Any CPU
		{A7D6C79C-8319-4CFC-BB52-93D9CB1AB6B7}.Release|Any CPU.ActiveCfg = Release|Any CPU
		{A7D6C79C-8319-4CFC-BB52-93D9CB1AB6B7}.Release|Any CPU.Build.0 = Release|Any CPU
	EndGlobalSection
	GlobalSection(SolutionProperties) = preSolution
		HideSolutionNode = FALSE
	EndGlobalSection
	GlobalSection(ExtensibilityGlobals) = postSolution
		SolutionGuid = {48579278-4137-4D38-8379-D6263410D9AB}
	EndGlobalSection
EndGlobal
